
Microsoft Visual Studio Solution File, Format Version 12.00
# Visual Studio Version 16
VisualStudioVersion = 16.0.33927.289
MinimumVisualStudioVersion = 10.0.40219.1
Project("{FAE04EC0-301F-11D3-BF4B-00C04F79EFBC}") = "APP_QL_Billiard", "APP_QL_Billiard\APP_QL_Billiard.csproj", "{AF268DA4-7B71-44DA-BEFF-A73C371573CE}"
EndProject
Global
	GlobalSection(SolutionConfigurationPlatforms) = preSolution
		Debug|Any CPU = Debug|Any CPU
		Release|Any CPU = Release|Any CPU
	EndGlobalSection
	GlobalSection(ProjectConfigurationPlatforms) = postSolution
		{AF268DA4-7B71-44DA-BEFF-A73C371573CE}.Debug|Any CPU.ActiveCfg = Debug|Any CPU
		{AF268DA4-7B71-44DA-BEFF-A73C371573CE}.Debug|Any CPU.Build.0 = Debug|Any CPU
		{AF268DA4-7B71-44DA-BEFF-A73C371573CE}.Release|Any CPU.ActiveCfg = Release|Any CPU
		{AF268DA4-7B71-44DA-BEFF-A73C371573CE}.Release|Any CPU.Build.0 = Release|Any CPU
	EndGlobalSection
	GlobalSection(SolutionProperties) = preSolution
		HideSolutionNode = FALSE
	EndGlobalSection
	GlobalSection(ExtensibilityGlobals) = postSolution
		SolutionGuid = {DC4D3048-2615-4C75-ABD9-C3A2957BD06C}
	EndGlobalSection
EndGlobal
